
Microsoft Visual Studio Solution File, Format Version 12.00
# Visual Studio Version 16
VisualStudioVersion = 16.0.32126.315
MinimumVisualStudioVersion = 10.0.40219.1
Project("{FAE04EC0-301F-11D3-BF4B-00C04F79EFBC}") = "TesteBanco.API", "TesteBanco.API\TesteBanco.API.csproj", "{047A0F9A-0CCA-4987-A31B-674ADB6E66D8}"
EndProject
Global
	GlobalSection(SolutionConfigurationPlatforms) = preSolution
		Debug|Any CPU = Debug|Any CPU
		Release|Any CPU = Release|Any CPU
	EndGlobalSection
	GlobalSection(ProjectConfigurationPlatforms) = postSolution
		{047A0F9A-0CCA-4987-A31B-674ADB6E66D8}.Debug|Any CPU.ActiveCfg = Debug|Any CPU
		{047A0F9A-0CCA-4987-A31B-674ADB6E66D8}.Debug|Any CPU.Build.0 = Debug|Any CPU
		{047A0F9A-0CCA-4987-A31B-674ADB6E66D8}.Release|Any CPU.ActiveCfg = Release|Any CPU
		{047A0F9A-0CCA-4987-A31B-674ADB6E66D8}.Release|Any CPU.Build.0 = Release|Any CPU
	EndGlobalSection
	GlobalSection(SolutionProperties) = preSolution
		HideSolutionNode = FALSE
	EndGlobalSection
	GlobalSection(ExtensibilityGlobals) = postSolution
		SolutionGuid = {520E5A99-67F3-4152-BD57-8DA8E4F94DA6}
	EndGlobalSection
EndGlobal
